
Microsoft Visual Studio Solution File, Format Version 12.00
# Visual Studio Version 16
VisualStudioVersion = 16.0.30011.22
MinimumVisualStudioVersion = 10.0.40219.1
Project("{9A19103F-16F7-4668-BE54-9A1E7A4F7556}") = "SCXI", "SCXI\SCXI.csproj", "{2EDB97E4-45B3-44B3-AF94-17C3287F8E8D}"
EndProject
Project("{9A19103F-16F7-4668-BE54-9A1E7A4F7556}") = "SCXI.SteamController", "SCXI.SteamController\SCXI.SteamController.csproj", "{B541540D-48E2-4684-B392-7AD66CB8991D}"
EndProject
Global
	GlobalSection(SolutionConfigurationPlatforms) = preSolution
		Debug|Any CPU = Debug|Any CPU
		Release|Any CPU = Release|Any CPU
	EndGlobalSection
	GlobalSection(ProjectConfigurationPlatforms) = postSolution
		{2EDB97E4-45B3-44B3-AF94-17C3287F8E8D}.Debug|Any CPU.ActiveCfg = Debug|Any CPU
		{2EDB97E4-45B3-44B3-AF94-17C3287F8E8D}.Debug|Any CPU.Build.0 = Debug|Any CPU
		{2EDB97E4-45B3-44B3-AF94-17C3287F8E8D}.Release|Any CPU.ActiveCfg = Release|Any CPU
		{2EDB97E4-45B3-44B3-AF94-17C3287F8E8D}.Release|Any CPU.Build.0 = Release|Any CPU
		{B541540D-48E2-4684-B392-7AD66CB8991D}.Debug|Any CPU.ActiveCfg = Debug|Any CPU
		{B541540D-48E2-4684-B392-7AD66CB8991D}.Debug|Any CPU.Build.0 = Debug|Any CPU
		{B541540D-48E2-4684-B392-7AD66CB8991D}.Release|Any CPU.ActiveCfg = Release|Any CPU
		{B541540D-48E2-4684-B392-7AD66CB8991D}.Release|Any CPU.Build.0 = Release|Any CPU
	EndGlobalSection
	GlobalSection(SolutionProperties) = preSolution
		HideSolutionNode = FALSE
	EndGlobalSection
	GlobalSection(ExtensibilityGlobals) = postSolution
		SolutionGuid = {6CAA6BCB-FD54-48B5-986A-8A270B0D698D}
	EndGlobalSection
EndGlobal
